
Microsoft Visual Studio Solution File, Format Version 12.00
# Visual Studio Version 17
VisualStudioVersion = 17.5.33516.290
MinimumVisualStudioVersion = 10.0.40219.1
Project("{FAE04EC0-301F-11D3-BF4B-00C04F79EFBC}") = "WebApi", "WebApi.csproj", "{63D24302-872B-4D65-847D-EA17A14E3045}"
EndProject
Global
	GlobalSection(SolutionConfigurationPlatforms) = preSolution
		Debug|Any CPU = Debug|Any CPU
		Release|Any CPU = Release|Any CPU
	EndGlobalSection
	GlobalSection(ProjectConfigurationPlatforms) = postSolution
		{63D24302-872B-4D65-847D-EA17A14E3045}.Debug|Any CPU.ActiveCfg = Debug|Any CPU
		{63D24302-872B-4D65-847D-EA17A14E3045}.Debug|Any CPU.Build.0 = Debug|Any CPU
		{63D24302-872B-4D65-847D-EA17A14E3045}.Release|Any CPU.ActiveCfg = Release|Any CPU
		{63D24302-872B-4D65-847D-EA17A14E3045}.Release|Any CPU.Build.0 = Release|Any CPU
	EndGlobalSection
	GlobalSection(SolutionProperties) = preSolution
		HideSolutionNode = FALSE
	EndGlobalSection
	GlobalSection(ExtensibilityGlobals) = postSolution
		SolutionGuid = {5B52DFEA-793B-49D8-949C-9DF6A2A1FD28}
	EndGlobalSection
EndGlobal
